
Microsoft Visual Studio Solution File, Format Version 12.00
# Visual Studio 15
Project("{FAE04EC0-301F-11D3-BF4B-00C04F79EFBC}") = "UnityReferencesTree.Editor", "UnityReferencesTree.Editor.csproj", "{ABD35487-A144-9652-B0FC-4F3E39F05F8B}"
EndProject
Global
	GlobalSection(SolutionConfigurationPlatforms) = preSolution
		Debug|Any CPU = Debug|Any CPU
		Release|Any CPU = Release|Any CPU
	EndGlobalSection
	GlobalSection(ProjectConfigurationPlatforms) = postSolution
		{ABD35487-A144-9652-B0FC-4F3E39F05F8B}.Debug|Any CPU.ActiveCfg = Debug|Any CPU
		{ABD35487-A144-9652-B0FC-4F3E39F05F8B}.Debug|Any CPU.Build.0 = Debug|Any CPU
		{ABD35487-A144-9652-B0FC-4F3E39F05F8B}.Release|Any CPU.ActiveCfg = Release|Any CPU
		{ABD35487-A144-9652-B0FC-4F3E39F05F8B}.Release|Any CPU.Build.0 = Release|Any CPU
	EndGlobalSection
	GlobalSection(SolutionProperties) = preSolution
		HideSolutionNode = FALSE
	EndGlobalSection
EndGlobal
